
Microsoft Visual Studio Solution File, Format Version 12.00
# Visual Studio Version 17
VisualStudioVersion = 17.5.002.0
MinimumVisualStudioVersion = 10.0.40219.1
Project("{9A19103F-16F7-4668-BE54-9A1E7A4F7556}") = "aspnet-blog-application", "aspnet-blog-application.csproj", "{DC6652B3-9604-40A4-9ACF-C021C02E3797}"
EndProject
Global
	GlobalSection(SolutionConfigurationPlatforms) = preSolution
		Debug|Any CPU = Debug|Any CPU
		Release|Any CPU = Release|Any CPU
	EndGlobalSection
	GlobalSection(ProjectConfigurationPlatforms) = postSolution
		{DC6652B3-9604-40A4-9ACF-C021C02E3797}.Debug|Any CPU.ActiveCfg = Debug|Any CPU
		{DC6652B3-9604-40A4-9ACF-C021C02E3797}.Debug|Any CPU.Build.0 = Debug|Any CPU
		{DC6652B3-9604-40A4-9ACF-C021C02E3797}.Release|Any CPU.ActiveCfg = Release|Any CPU
		{DC6652B3-9604-40A4-9ACF-C021C02E3797}.Release|Any CPU.Build.0 = Release|Any CPU
	EndGlobalSection
	GlobalSection(SolutionProperties) = preSolution
		HideSolutionNode = FALSE
	EndGlobalSection
	GlobalSection(ExtensibilityGlobals) = postSolution
		SolutionGuid = {AA0E086C-1A6D-4B69-BFCC-39D1D108934A}
	EndGlobalSection
EndGlobal
